
Microsoft Visual Studio Solution File, Format Version 12.00
Project("{2150E333-8FDC-42A3-9474-1A3956D46DE8}") = "src", "src", "{66FB9DED-84F4-4E1E-BF96-F055D975C5FA}"
EndProject
Project("{2150E333-8FDC-42A3-9474-1A3956D46DE8}") = "web", "web", "{A4C05D54-2A42-439A-9189-7665829B40A9}"
EndProject
Project("{2150E333-8FDC-42A3-9474-1A3956D46DE8}") = "tests", "tests", "{0372809E-C094-4D01-AC1B-2369404DC257}"
EndProject
Project("{FAE04EC0-301F-11D3-BF4B-00C04F79EFBC}") = "Api", "src\web\Api\Api.csproj", "{3E0DA9F3-5369-498D-B4EC-32C5DEDC7133}"
EndProject
Project("{FAE04EC0-301F-11D3-BF4B-00C04F79EFBC}") = "Core", "src\Core\Core.csproj", "{9EDD3B90-6799-48F1-B0FD-D342A821A9DB}"
EndProject
Project("{FAE04EC0-301F-11D3-BF4B-00C04F79EFBC}") = "Application", "src\Application\Application.csproj", "{41CE6C88-F328-4475-87D0-EA8F58E49951}"
EndProject
Project("{FAE04EC0-301F-11D3-BF4B-00C04F79EFBC}") = "Infrastructure", "src\Infrastructure\Infrastructure.csproj", "{05C49EB4-F574-4BAC-840F-953F89BCDC53}"
EndProject
Project("{FAE04EC0-301F-11D3-BF4B-00C04F79EFBC}") = "Application.tests", "tests\Application.tests\Application.tests.csproj", "{4D53C527-2112-44F1-BB68-C1209C8501FB}"
EndProject
Project("{FAE04EC0-301F-11D3-BF4B-00C04F79EFBC}") = "Controller.tests", "tests\Controller.tests\Controller.tests.csproj", "{18BE3248-DFC7-41D5-A6CE-375500230191}"
EndProject
Project("{FAE04EC0-301F-11D3-BF4B-00C04F79EFBC}") = "FakeData", "tests\FakeData\FakeData.csproj", "{27EFAAD1-5933-4E64-BEFC-82FB454438C4}"
EndProject
Project("{FAE04EC0-301F-11D3-BF4B-00C04F79EFBC}") = "LibreReview", "src\web\LibreReview\LibreReview.csproj", "{F9AECBA3-6B71-4990-A121-8B9F3AE95B83}"
EndProject
Global
	GlobalSection(SolutionConfigurationPlatforms) = preSolution
		Debug|Any CPU = Debug|Any CPU
		Release|Any CPU = Release|Any CPU
	EndGlobalSection
	GlobalSection(ProjectConfigurationPlatforms) = postSolution
		{3E0DA9F3-5369-498D-B4EC-32C5DEDC7133}.Debug|Any CPU.ActiveCfg = Debug|Any CPU
		{3E0DA9F3-5369-498D-B4EC-32C5DEDC7133}.Debug|Any CPU.Build.0 = Debug|Any CPU
		{3E0DA9F3-5369-498D-B4EC-32C5DEDC7133}.Release|Any CPU.ActiveCfg = Release|Any CPU
		{3E0DA9F3-5369-498D-B4EC-32C5DEDC7133}.Release|Any CPU.Build.0 = Release|Any CPU
		{9EDD3B90-6799-48F1-B0FD-D342A821A9DB}.Debug|Any CPU.ActiveCfg = Debug|Any CPU
		{9EDD3B90-6799-48F1-B0FD-D342A821A9DB}.Debug|Any CPU.Build.0 = Debug|Any CPU
		{9EDD3B90-6799-48F1-B0FD-D342A821A9DB}.Release|Any CPU.ActiveCfg = Release|Any CPU
		{9EDD3B90-6799-48F1-B0FD-D342A821A9DB}.Release|Any CPU.Build.0 = Release|Any CPU
		{41CE6C88-F328-4475-87D0-EA8F58E49951}.Debug|Any CPU.ActiveCfg = Debug|Any CPU
		{41CE6C88-F328-4475-87D0-EA8F58E49951}.Debug|Any CPU.Build.0 = Debug|Any CPU
		{41CE6C88-F328-4475-87D0-EA8F58E49951}.Release|Any CPU.ActiveCfg = Release|Any CPU
		{41CE6C88-F328-4475-87D0-EA8F58E49951}.Release|Any CPU.Build.0 = Release|Any CPU
		{05C49EB4-F574-4BAC-840F-953F89BCDC53}.Debug|Any CPU.ActiveCfg = Debug|Any CPU
		{05C49EB4-F574-4BAC-840F-953F89BCDC53}.Debug|Any CPU.Build.0 = Debug|Any CPU
		{05C49EB4-F574-4BAC-840F-953F89BCDC53}.Release|Any CPU.ActiveCfg = Release|Any CPU
		{05C49EB4-F574-4BAC-840F-953F89BCDC53}.Release|Any CPU.Build.0 = Release|Any CPU
		{4D53C527-2112-44F1-BB68-C1209C8501FB}.Debug|Any CPU.ActiveCfg = Debug|Any CPU
		{4D53C527-2112-44F1-BB68-C1209C8501FB}.Debug|Any CPU.Build.0 = Debug|Any CPU
		{4D53C527-2112-44F1-BB68-C1209C8501FB}.Release|Any CPU.ActiveCfg = Release|Any CPU
		{4D53C527-2112-44F1-BB68-C1209C8501FB}.Release|Any CPU.Build.0 = Release|Any CPU
		{18BE3248-DFC7-41D5-A6CE-375500230191}.Debug|Any CPU.ActiveCfg = Debug|Any CPU
		{18BE3248-DFC7-41D5-A6CE-375500230191}.Debug|Any CPU.Build.0 = Debug|Any CPU
		{18BE3248-DFC7-41D5-A6CE-375500230191}.Release|Any CPU.ActiveCfg = Release|Any CPU
		{18BE3248-DFC7-41D5-A6CE-375500230191}.Release|Any CPU.Build.0 = Release|Any CPU
		{27EFAAD1-5933-4E64-BEFC-82FB454438C4}.Debug|Any CPU.ActiveCfg = Debug|Any CPU
		{27EFAAD1-5933-4E64-BEFC-82FB454438C4}.Debug|Any CPU.Build.0 = Debug|Any CPU
		{27EFAAD1-5933-4E64-BEFC-82FB454438C4}.Release|Any CPU.ActiveCfg = Release|Any CPU
		{27EFAAD1-5933-4E64-BEFC-82FB454438C4}.Release|Any CPU.Build.0 = Release|Any CPU
		{F9AECBA3-6B71-4990-A121-8B9F3AE95B83}.Debug|Any CPU.ActiveCfg = Debug|Any CPU
		{F9AECBA3-6B71-4990-A121-8B9F3AE95B83}.Debug|Any CPU.Build.0 = Debug|Any CPU
		{F9AECBA3-6B71-4990-A121-8B9F3AE95B83}.Release|Any CPU.ActiveCfg = Release|Any CPU
		{F9AECBA3-6B71-4990-A121-8B9F3AE95B83}.Release|Any CPU.Build.0 = Release|Any CPU
	EndGlobalSection
	GlobalSection(NestedProjects) = preSolution
		{A4C05D54-2A42-439A-9189-7665829B40A9} = {66FB9DED-84F4-4E1E-BF96-F055D975C5FA}
		{3E0DA9F3-5369-498D-B4EC-32C5DEDC7133} = {A4C05D54-2A42-439A-9189-7665829B40A9}
		{9EDD3B90-6799-48F1-B0FD-D342A821A9DB} = {66FB9DED-84F4-4E1E-BF96-F055D975C5FA}
		{41CE6C88-F328-4475-87D0-EA8F58E49951} = {66FB9DED-84F4-4E1E-BF96-F055D975C5FA}
		{05C49EB4-F574-4BAC-840F-953F89BCDC53} = {66FB9DED-84F4-4E1E-BF96-F055D975C5FA}
		{4D53C527-2112-44F1-BB68-C1209C8501FB} = {0372809E-C094-4D01-AC1B-2369404DC257}
		{18BE3248-DFC7-41D5-A6CE-375500230191} = {0372809E-C094-4D01-AC1B-2369404DC257}
		{27EFAAD1-5933-4E64-BEFC-82FB454438C4} = {0372809E-C094-4D01-AC1B-2369404DC257}
		{F9AECBA3-6B71-4990-A121-8B9F3AE95B83} = {A4C05D54-2A42-439A-9189-7665829B40A9}
	EndGlobalSection
EndGlobal
